// !$*UTF8*$!
{
	archiveVersion = 1;
	classes = {
	};
	objectVersion = 46;
	objects = {

/* Begin PBXBuildFile section */
		49A4CDF719CA329A00D19352 /* AppDelegate.swift in Sources */ = {isa = PBXBuildFile; fileRef = 49A4CDF619CA329A00D19352 /* AppDelegate.swift */; };
		49A4CDF919CA329A00D19352 /* ViewController.swift in Sources */ = {isa = PBXBuildFile; fileRef = 49A4CDF819CA329A00D19352 /* ViewController.swift */; };
		49A4CDFC19CA329A00D19352 /* Main.storyboard in Resources */ = {isa = PBXBuildFile; fileRef = 49A4CDFA19CA329A00D19352 /* Main.storyboard */; };
		49A4CDFE19CA329A00D19352 /* Images.xcassets in Resources */ = {isa = PBXBuildFile; fileRef = 49A4CDFD19CA329A00D19352 /* Images.xcassets */; };
		49A4CE0A19CA329A00D19352 /* TouchCallTemplateTests.swift in Sources */ = {isa = PBXBuildFile; fileRef = 49A4CE0919CA329A00D19352 /* TouchCallTemplateTests.swift */; };
/* End PBXBuildFile section */

/* Begin PBXContainerItemProxy section */
		49A4CE0419CA329A00D19352 /* PBXContainerItemProxy */ = {
			isa = PBXContainerItemProxy;
			containerPortal = 49A4CDE919CA329A00D19352 /* Project object */;
			proxyType = 1;
			remoteGlobalIDString = 49A4CDF019CA329A00D19352;
			remoteInfo = TouchCallTemplate;
		};
/* End PBXContainerItemProxy section */

/* Begin PBXFileReference section */
		49A4CDF119CA329A00D19352 /* TouchCallTemplate.app */ = {isa = PBXFileReference; explicitFileType = wrapper.application; includeInIndex = 0; path = TouchCallTemplate.app; sourceTree = BUILT_PRODUCTS_DIR; };
		49A4CDF519CA329A00D19352 /* Info.plist */ = {isa = PBXFileReference; lastKnownFileType = text.plist.xml; path = Info.plist; sourceTree = "<group>"; };
		49A4CDF619CA329A00D19352 /* AppDelegate.swift */ = {isa = PBXFileReference; lastKnownFileType = sourcecode.swift; path = AppDelegate.swift; sourceTree = "<group>"; };
		49A4CDF819CA329A00D19352 /* ViewController.swift */ = {isa = PBXFileReference; lastKnownFileType = sourcecode.swift; path = ViewController.swift; sourceTree = "<group>"; };
		49A4CDFB19CA329A00D19352 /* Base */ = {isa = PBXFileReference; lastKnownFileType = file.storyboard; name = Base; path = Base.lproj/Main.storyboard; sourceTree = "<group>"; };
		49A4CDFD19CA329A00D19352 /* Images.xcassets */ = {isa = PBXFileReference; lastKnownFileType = folder.assetcatalog; path = Images.xcassets; sourceTree = "<group>"; };
		49A4CE0319CA329A00D19352 /* TouchCallTemplateTests.xctest */ = {isa = PBXFileReference; explicitFileType = wrapper.cfbundle; includeInIndex = 0; path = TouchCallTemplateTests.xctest; sourceTree = BUILT_PRODUCTS_DIR; };
		49A4CE0819CA329A00D19352 /* Info.plist */ = {isa = PBXFileReference; lastKnownFileType = text.plist.xml; path = Info.plist; sourceTree = "<group>"; };
		49A4CE0919CA329A00D19352 /* TouchCallTemplateTests.swift */ = {isa = PBXFileReference; lastKnownFileType = sourcecode.swift; path = TouchCallTemplateTests.swift; sourceTree = "<group>"; };
/* End PBXFileReference section */

/* Begin PBXFrameworksBuildPhase section */
		49A4CDEE19CA329A00D19352 /* Frameworks */ = {
			isa = PBXFrameworksBuildPhase;
			buildActionMask = 2147483647;
			files = (
			);
			runOnlyForDeploymentPostprocessing = 0;
		};
		49A4CE0019CA329A00D19352 /* Frameworks */ = {
			isa = PBXFrameworksBuildPhase;
			buildActionMask = 2147483647;
			files = (
			);
			runOnlyForDeploymentPostprocessing = 0;
		};
/* End PBXFrameworksBuildPhase section */

/* Begin PBXGroup section */
		49A4CDE819CA329A00D19352 = {
			isa = PBXGroup;
			children = (
				49A4CDF319CA329A00D19352 /* TouchCallTemplate */,
				49A4CE0619CA329A00D19352 /* TouchCallTemplateTests */,
				49A4CDF219CA329A00D19352 /* Products */,
			);
			sourceTree = "<group>";
		};
		49A4CDF219CA329A00D19352 /* Products */ = {
			isa = PBXGroup;
			children = (
				49A4CDF119CA329A00D19352 /* TouchCallTemplate.app */,
				49A4CE0319CA329A00D19352 /* TouchCallTemplateTests.xctest */,
			);
			name = Products;
			sourceTree = "<group>";
		};
		49A4CDF319CA329A00D19352 /* TouchCallTemplate */ = {
			isa = PBXGroup;
			children = (
				49A4CDF619CA329A00D19352 /* AppDelegate.swift */,
				49A4CDF819CA329A00D19352 /* ViewController.swift */,
				49A4CDFA19CA329A00D19352 /* Main.storyboard */,
				49A4CDFD19CA329A00D19352 /* Images.xcassets */,
				49A4CDF419CA329A00D19352 /* Supporting Files */,
			);
			path = TouchCallTemplate;
			sourceTree = "<group>";
		};
		49A4CDF419CA329A00D19352 /* Supporting Files */ = {
			isa = PBXGroup;
			children = (
				49A4CDF519CA329A00D19352 /* Info.plist */,
			);
			name = "Supporting Files";
			sourceTree = "<group>";
		};
		49A4CE0619CA329A00D19352 /* TouchCallTemplateTests */ = {
			isa = PBXGroup;
			children = (
				49A4CE0919CA329A00D19352 /* TouchCallTemplateTests.swift */,
				49A4CE0719CA329A00D19352 /* Supporting Files */,
			);
			path = TouchCallTemplateTests;
			sourceTree = "<group>";
		};
		49A4CE0719CA329A00D19352 /* Supporting Files */ = {
			isa = PBXGroup;
			children = (
				49A4CE0819CA329A00D19352 /* Info.plist */,
			);
			name = "Supporting Files";
			sourceTree = "<group>";
		};
/* End PBXGroup section */

/* Begin PBXNativeTarget section */
		49A4CDF019CA329A00D19352 /* TouchCallTemplate */ = {
			isa = PBXNativeTarget;
			buildConfigurationList = 49A4CE0D19CA329A00D19352 /* Build configuration list for PBXNativeTarget "TouchCallTemplate" */;
			buildPhases = (
				49A4CDED19CA329A00D19352 /* Sources */,
				49A4CDEE19CA329A00D19352 /* Frameworks */,
				49A4CDEF19CA329A00D19352 /* Resources */,
			);
			buildRules = (
			);
			dependencies = (
			);
			name = TouchCallTemplate;
			productName = TouchCallTemplate;
			productReference = 49A4CDF119CA329A00D19352 /* TouchCallTemplate.app */;
			productType = "com.apple.product-type.application";
		};
		49A4CE0219CA329A00D19352 /* TouchCallTemplateTests */ = {
			isa = PBXNativeTarget;
			buildConfigurationList = 49A4CE1019CA329A00D19352 /* Build configuration list for PBXNativeTarget "TouchCallTemplateTests" */;
			buildPhases = (
				49A4CDFF19CA329A00D19352 /* Sources */,
				49A4CE0019CA329A00D19352 /* Frameworks */,
				49A4CE0119CA329A00D19352 /* Resources */,
			);
			buildRules = (
			);
			dependencies = (
				49A4CE0519CA329A00D19352 /* PBXTargetDependency */,
			);
			name = TouchCallTemplateTests;
			productName = TouchCallTemplateTests;
			productReference = 49A4CE0319CA329A00D19352 /* TouchCallTemplateTests.xctest */;
			productType = "com.apple.product-type.bundle.unit-test";
		};
/* End PBXNativeTarget section */

/* Begin PBXProject section */
		49A4CDE919CA329A00D19352 /* Project object */ = {
			isa = PBXProject;
			attributes = {
				LastUpgradeCheck = 0600;
				ORGANIZATIONNAME = derrick;
				TargetAttributes = {
					49A4CDF019CA329A00D19352 = {
						CreatedOnToolsVersion = 6.0;
					};
					49A4CE0219CA329A00D19352 = {
						CreatedOnToolsVersion = 6.0;
						TestTargetID = 49A4CDF019CA329A00D19352;
					};
				};
			};
			buildConfigurationList = 49A4CDEC19CA329A00D19352 /* Build configuration list for PBXProject "TouchCallTemplate" */;
			compatibilityVersion = "Xcode 3.2";
			developmentRegion = English;
			hasScannedForEncodings = 0;
			knownRegions = (
				en,
				Base,
			);
			mainGroup = 49A4CDE819CA329A00D19352;
			productRefGroup = 49A4CDF219CA329A00D19352 /* Products */;
			projectDirPath = "";
			projectRoot = "";
			targets = (
				49A4CDF019CA329A00D19352 /* TouchCallTemplate */,
				49A4CE0219CA329A00D19352 /* TouchCallTemplateTests */,
			);
		};
/* End PBXProject section */

/* Begin PBXResourcesBuildPhase section */
		49A4CDEF19CA329A00D19352 /* Resources */ = {
			isa = PBXResourcesBuildPhase;
			buildActionMask = 2147483647;
			files = (
				49A4CDFC19CA329A00D19352 /* Main.storyboard in Resources */,
				49A4CDFE19CA329A00D19352 /* Images.xcassets in Resources */,
			);
			runOnlyForDeploymentPostprocessing = 0;
		};
		49A4CE0119CA329A00D19352 /* Resources */ = {
			isa = PBXResourcesBuildPhase;
			buildActionMask = 2147483647;
			files = (
			);
			runOnlyForDeploymentPostprocessing = 0;
		};
/* End PBXResourcesBuildPhase section */

/* Begin PBXSourcesBuildPhase section */
		49A4CDED19CA329A00D19352 /* Sources */ = {
			isa = PBXSourcesBuildPhase;
			buildActionMask = 2147483647;
			files = (
				49A4CDF919CA329A00D19352 /* ViewController.swift in Sources */,
				49A4CDF719CA329A00D19352 /* AppDelegate.swift in Sources */,
			);
			runOnlyForDeploymentPostprocessing = 0;
		};
		49A4CDFF19CA329A00D19352 /* Sources */ = {
			isa = PBXSourcesBuildPhase;
			buildActionMask = 2147483647;
			files = (
				49A4CE0A19CA329A00D19352 /* TouchCallTemplateTests.swift in Sources */,
			);
			runOnlyForDeploymentPostprocessing = 0;
		};
/* End PBXSourcesBuildPhase section */

/* Begin PBXTargetDependency section */
		49A4CE0519CA329A00D19352 /* PBXTargetDependency */ = {
			isa = PBXTargetDependency;
			target = 49A4CDF019CA329A00D19352 /* TouchCallTemplate */;
			targetProxy = 49A4CE0419CA329A00D19352 /* PBXContainerItemProxy */;
		};
/* End PBXTargetDependency section */

/* Begin PBXVariantGroup section */
		49A4CDFA19CA329A00D19352 /* Main.storyboard */ = {
			isa = PBXVariantGroup;
			children = (
				49A4CDFB19CA329A00D19352 /* Base */,
			);
			name = Main.storyboard;
			sourceTree = "<group>";
		};
/* End PBXVariantGroup section */

/* Begin XCBuildConfiguration section */
		49A4CE0B19CA329A00D19352 /* Debug */ = {
			isa = XCBuildConfiguration;
			buildSettings = {
				ALWAYS_SEARCH_USER_PATHS = NO;
				CLANG_CXX_LANGUAGE_STANDARD = "gnu++0x";
				CLANG_CXX_LIBRARY = "libc++";
				CLANG_ENABLE_MODULES = YES;
				CLANG_ENABLE_OBJC_ARC = YES;
				CLANG_WARN_BOOL_CONVERSION = YES;
				CLANG_WARN_CONSTANT_CONVERSION = YES;
				CLANG_WARN_DIRECT_OBJC_ISA_USAGE = YES_ERROR;
				CLANG_WARN_EMPTY_BODY = YES;
				CLANG_WARN_ENUM_CONVERSION = YES;
				CLANG_WARN_INT_CONVERSION = YES;
				CLANG_WARN_OBJC_ROOT_CLASS = YES_ERROR;
				CLANG_WARN_UNREACHABLE_CODE = YES;
				CLANG_WARN__DUPLICATE_METHOD_MATCH = YES;
				"CODE_SIGN_IDENTITY[sdk=iphoneos*]" = "iPhone Developer";
				COPY_PHASE_STRIP = NO;
				ENABLE_STRICT_OBJC_MSGSEND = YES;
				GCC_C_LANGUAGE_STANDARD = gnu99;
				GCC_DYNAMIC_NO_PIC = NO;
				GCC_OPTIMIZATION_LEVEL = 0;
				GCC_PREPROCESSOR_DEFINITIONS = (
					"DEBUG=1",
					"$(inherited)",
				);
				GCC_SYMBOLS_PRIVATE_EXTERN = NO;
				GCC_WARN_64_TO_32_BIT_CONVERSION = YES;
				GCC_WARN_ABOUT_RETURN_TYPE = YES_ERROR;
				GCC_WARN_UNDECLARED_SELECTOR = YES;
				GCC_WARN_UNINITIALIZED_AUTOS = YES_AGGRESSIVE;
				GCC_WARN_UNUSED_FUNCTION = YES;
				GCC_WARN_UNUSED_VARIABLE = YES;
				IPHONEOS_DEPLOYMENT_TARGET = 8.0;
				MTL_ENABLE_DEBUG_INFO = YES;
				ONLY_ACTIVE_ARCH = YES;
				SDKROOT = iphoneos;
				SWIFT_OPTIMIZATION_LEVEL = "-Onone";
			};
			name = Debug;
		};
		49A4CE0C19CA329A00D19352 /* Release */ = {
			isa = XCBuildConfiguration;
			buildSettings = {
				ALWAYS_SEARCH_USER_PATHS = NO;
				CLANG_CXX_LANGUAGE_STANDARD = "gnu++0x";
				CLANG_CXX_LIBRARY = "libc++";
				CLANG_ENABLE_MODULES = YES;
				CLANG_ENABLE_OBJC_ARC = YES;
				CLANG_WARN_BOOL_CONVERSION = YES;
				CLANG_WARN_CONSTANT_CONVERSION = YES;
				CLANG_WARN_DIRECT_OBJC_ISA_USAGE = YES_ERROR;
				CLANG_WARN_EMPTY_BODY = YES;
				CLANG_WARN_ENUM_CONVERSION = YES;
				CLANG_WARN_INT_CONVERSION = YES;
				CLANG_WARN_OBJC_ROOT_CLASS = YES_ERROR;
				CLANG_WARN_UNREACHABLE_CODE = YES;
				CLANG_WARN__DUPLICATE_METHOD_MATCH = YES;
				"CODE_SIGN_IDENTITY[sdk=iphoneos*]" = "iPhone Developer";
				COPY_PHASE_STRIP = YES;
				ENABLE_NS_ASSERTIONS = NO;
				ENABLE_STRICT_OBJC_MSGSEND = YES;
				GCC_C_LANGUAGE_STANDARD = gnu99;
				GCC_WARN_64_TO_32_BIT_CONVERSION = YES;
				GCC_WARN_ABOUT_RETURN_TYPE = YES_ERROR;
				GCC_WARN_UNDECLARED_SELECTOR = YES;
				GCC_WARN_UNINITIALIZED_AUTOS = YES_AGGRESSIVE;
				GCC_WARN_UNUSED_FUNCTION = YES;
				GCC_WARN_UNUSED_VARIABLE = YES;
				IPHONEOS_DEPLOYMENT_TARGET = 8.0;
				MTL_ENABLE_DEBUG_INFO = NO;
				SDKROOT = iphoneos;
				VALIDATE_PRODUCT = YES;
			};
			name = Release;
		};
		49A4CE0E19CA329A00D19352 /* Debug */ = {
			isa = XCBuildConfiguration;
			buildSettings = {
				ASSETCATALOG_COMPILER_APPICON_NAME = AppIcon;
				ASSETCATALOG_COMPILER_LAUNCHIMAGE_NAME = LaunchImage;
				INFOPLIST_FILE = TouchCallTemplate/Info.plist;
				LD_RUNPATH_SEARCH_PATHS = "$(inherited) @executable_path/Frameworks";
				PRODUCT_NAME = "$(TARGET_NAME)";
			};
			name = Debug;
		};
		49A4CE0F19CA329A00D19352 /* Release */ = {
			isa = XCBuildConfiguration;
			buildSettings = {
				ASSETCATALOG_COMPILER_APPICON_NAME = AppIcon;
				ASSETCATALOG_COMPILER_LAUNCHIMAGE_NAME = LaunchImage;
				INFOPLIST_FILE = TouchCallTemplate/Info.plist;
				LD_RUNPATH_SEARCH_PATHS = "$(inherited) @executable_path/Frameworks";
				PRODUCT_NAME = "$(TARGET_NAME)";
			};
			name = Release;
		};
		49A4CE1119CA329A00D19352 /* Debug */ = {
			isa = XCBuildConfiguration;
			buildSettings = {
				BUNDLE_LOADER = "$(TEST_HOST)";
				FRAMEWORK_SEARCH_PATHS = (
					"$(SDKROOT)/Developer/Library/Frameworks",
					"$(inherited)",
				);
				GCC_PREPROCESSOR_DEFINITIONS = (
					"DEBUG=1",
					"$(inherited)",
				);
				INFOPLIST_FILE = TouchCallTemplateTests/Info.plist;
				LD_RUNPATH_SEARCH_PATHS = "$(inherited) @executable_path/Frameworks @loader_path/Frameworks";
				PRODUCT_NAME = "$(TARGET_NAME)";
				TEST_HOST = "$(BUILT_PRODUCTS_DIR)/TouchCallTemplate.app/TouchCallTemplate";
			};
			name = Debug;
		};
		49A4CE1219CA329A00D19352 /* Release */ = {
			isa = XCBuildConfiguration;
			buildSettings = {
				BUNDLE_LOADER = "$(TEST_HOST)";
				FRAMEWORK_SEARCH_PATHS = (
					"$(SDKROOT)/Developer/Library/Frameworks",
					"$(inherited)",
				);
				INFOPLIST_FILE = TouchCallTemplateTests/Info.plist;
				LD_RUNPATH_SEARCH_PATHS = "$(inherited) @executable_path/Frameworks @loader_path/Frameworks";
				PRODUCT_NAME = "$(TARGET_NAME)";
				TEST_HOST = "$(BUILT_PRODUCTS_DIR)/TouchCallTemplate.app/TouchCallTemplate";
			};
			name = Release;
		};
/* End XCBuildConfiguration section */

/* Begin XCConfigurationList section */
		49A4CDEC19CA329A00D19352 /* Build configuration list for PBXProject "TouchCallTemplate" */ = {
			isa = XCConfigurationList;
			buildConfigurations = (
				49A4CE0B19CA329A00D19352 /* Debug */,
				49A4CE0C19CA329A00D19352 /* Release */,
			);
			defaultConfigurationIsVisible = 0;
			defaultConfigurationName = Release;
		};
		49A4CE0D19CA329A00D19352 /* Build configuration list for PBXNativeTarget "TouchCallTemplate" */ = {
			isa = XCConfigurationList;
			buildConfigurations = (
				49A4CE0E19CA329A00D19352 /* Debug */,
				49A4CE0F19CA329A00D19352 /* Release */,
			);
			defaultConfigurationIsVisible = 0;
		};
		49A4CE1019CA329A00D19352 /* Build configuration list for PBXNativeTarget "TouchCallTemplateTests" */ = {
			isa = XCConfigurationList;
			buildConfigurations = (
				49A4CE1119CA329A00D19352 /* Debug */,
				49A4CE1219CA329A00D19352 /* Release */,
			);
			defaultConfigurationIsVisible = 0;
		};
/* End XCConfigurationList section */
	};
	rootObject = 49A4CDE919CA329A00D19352 /* Project object */;
}
